
Microsoft Visual Studio Solution File, Format Version 12.00
# Visual Studio Version 17
VisualStudioVersion = 17.5.33414.496
MinimumVisualStudioVersion = 10.0.40219.1
Project("{2150E333-8FDC-42A3-9474-1A3956D46DE8}") = "Core", "Core", "{75424DDC-7823-446A-A260-5C567E44FCCB}"
EndProject
Project("{2150E333-8FDC-42A3-9474-1A3956D46DE8}") = "Infrastructure", "Infrastructure", "{D6E64110-533C-48B6-AB52-3545892B3E6D}"
EndProject
Project("{2150E333-8FDC-42A3-9474-1A3956D46DE8}") = "Presentation", "Presentation", "{7D4B6A9D-29BE-492F-9620-0F8F65736E45}"
EndProject
Project("{2150E333-8FDC-42A3-9474-1A3956D46DE8}") = "Tests", "Tests", "{1153074B-DD05-4654-82AB-BAFBB871E139}"
EndProject
Project("{9A19103F-16F7-4668-BE54-9A1E7A4F7556}") = "PickItEasy.Web", "PickItEasy.Web\PickItEasy.Web.csproj", "{8DAB4607-B1D1-40CC-A3B7-A47E8D9097CF}"
EndProject
Project("{9A19103F-16F7-4668-BE54-9A1E7A4F7556}") = "PickItEasy.Persistence", "PickItEasy.Persistence\PickItEasy.Persistence.csproj", "{7030D109-4E50-4732-BCA5-2692430B7D6A}"
EndProject
Project("{9A19103F-16F7-4668-BE54-9A1E7A4F7556}") = "PickItEasy.Application", "PickItEasy.Application\PickItEasy.Application.csproj", "{4AF355A5-91F4-432B-8C6F-9EAF9F54918A}"
EndProject
Project("{9A19103F-16F7-4668-BE54-9A1E7A4F7556}") = "PickItEasy.Domain", "PickItEasy.Domain\PickItEasy.Domain.csproj", "{C1605184-C967-492F-87EA-3F88730C3C07}"
EndProject
Project("{9A19103F-16F7-4668-BE54-9A1E7A4F7556}") = "PickItEasy.WebApi", "PickItEasy.WebApi\PickItEasy.WebApi.csproj", "{EA24B3A9-EB51-4563-8408-0158EBB89128}"
EndProject
Project("{FAE04EC0-301F-11D3-BF4B-00C04F79EFBC}") = "PickItEasy.WebApp.BlazorServer", "PickItEasy.WebApp.BlazorServer\PickItEasy.WebApp.BlazorServer.csproj", "{89673ADD-AFF4-4668-971D-7EC9AE988925}"
EndProject
Global
	GlobalSection(SolutionConfigurationPlatforms) = preSolution
		Debug|Any CPU = Debug|Any CPU
		Release|Any CPU = Release|Any CPU
	EndGlobalSection
	GlobalSection(ProjectConfigurationPlatforms) = postSolution
		{8DAB4607-B1D1-40CC-A3B7-A47E8D9097CF}.Debug|Any CPU.ActiveCfg = Debug|Any CPU
		{8DAB4607-B1D1-40CC-A3B7-A47E8D9097CF}.Debug|Any CPU.Build.0 = Debug|Any CPU
		{8DAB4607-B1D1-40CC-A3B7-A47E8D9097CF}.Release|Any CPU.ActiveCfg = Release|Any CPU
		{8DAB4607-B1D1-40CC-A3B7-A47E8D9097CF}.Release|Any CPU.Build.0 = Release|Any CPU
		{7030D109-4E50-4732-BCA5-2692430B7D6A}.Debug|Any CPU.ActiveCfg = Debug|Any CPU
		{7030D109-4E50-4732-BCA5-2692430B7D6A}.Debug|Any CPU.Build.0 = Debug|Any CPU
		{7030D109-4E50-4732-BCA5-2692430B7D6A}.Release|Any CPU.ActiveCfg = Release|Any CPU
		{7030D109-4E50-4732-BCA5-2692430B7D6A}.Release|Any CPU.Build.0 = Release|Any CPU
		{4AF355A5-91F4-432B-8C6F-9EAF9F54918A}.Debug|Any CPU.ActiveCfg = Debug|Any CPU
		{4AF355A5-91F4-432B-8C6F-9EAF9F54918A}.Debug|Any CPU.Build.0 = Debug|Any CPU
		{4AF355A5-91F4-432B-8C6F-9EAF9F54918A}.Release|Any CPU.ActiveCfg = Release|Any CPU
		{4AF355A5-91F4-432B-8C6F-9EAF9F54918A}.Release|Any CPU.Build.0 = Release|Any CPU
		{C1605184-C967-492F-87EA-3F88730C3C07}.Debug|Any CPU.ActiveCfg = Debug|Any CPU
		{C1605184-C967-492F-87EA-3F88730C3C07}.Debug|Any CPU.Build.0 = Debug|Any CPU
		{C1605184-C967-492F-87EA-3F88730C3C07}.Release|Any CPU.ActiveCfg = Release|Any CPU
		{C1605184-C967-492F-87EA-3F88730C3C07}.Release|Any CPU.Build.0 = Release|Any CPU
		{EA24B3A9-EB51-4563-8408-0158EBB89128}.Debug|Any CPU.ActiveCfg = Debug|Any CPU
		{EA24B3A9-EB51-4563-8408-0158EBB89128}.Debug|Any CPU.Build.0 = Debug|Any CPU
		{EA24B3A9-EB51-4563-8408-0158EBB89128}.Release|Any CPU.ActiveCfg = Release|Any CPU
		{EA24B3A9-EB51-4563-8408-0158EBB89128}.Release|Any CPU.Build.0 = Release|Any CPU
		{89673ADD-AFF4-4668-971D-7EC9AE988925}.Debug|Any CPU.ActiveCfg = Debug|Any CPU
		{89673ADD-AFF4-4668-971D-7EC9AE988925}.Debug|Any CPU.Build.0 = Debug|Any CPU
		{89673ADD-AFF4-4668-971D-7EC9AE988925}.Release|Any CPU.ActiveCfg = Release|Any CPU
		{89673ADD-AFF4-4668-971D-7EC9AE988925}.Release|Any CPU.Build.0 = Release|Any CPU
	EndGlobalSection
	GlobalSection(SolutionProperties) = preSolution
		HideSolutionNode = FALSE
	EndGlobalSection
	GlobalSection(NestedProjects) = preSolution
		{8DAB4607-B1D1-40CC-A3B7-A47E8D9097CF} = {7D4B6A9D-29BE-492F-9620-0F8F65736E45}
		{7030D109-4E50-4732-BCA5-2692430B7D6A} = {D6E64110-533C-48B6-AB52-3545892B3E6D}
		{4AF355A5-91F4-432B-8C6F-9EAF9F54918A} = {75424DDC-7823-446A-A260-5C567E44FCCB}
		{C1605184-C967-492F-87EA-3F88730C3C07} = {75424DDC-7823-446A-A260-5C567E44FCCB}
		{EA24B3A9-EB51-4563-8408-0158EBB89128} = {7D4B6A9D-29BE-492F-9620-0F8F65736E45}
		{89673ADD-AFF4-4668-971D-7EC9AE988925} = {7D4B6A9D-29BE-492F-9620-0F8F65736E45}
	EndGlobalSection
	GlobalSection(ExtensibilityGlobals) = postSolution
		SolutionGuid = {F29F149A-0968-4A56-A6D2-DA5316693CB0}
	EndGlobalSection
EndGlobal
